// !$*UTF8*$!
{
	archiveVersion = 1;
	classes = {
	};
	objectVersion = 48;
	objects = {

/* Begin PBXBuildFile section */
		C91778B81F2ACEF000A7587E /* main.swift in Sources */ = {isa = PBXBuildFile; fileRef = C91778B71F2ACEF000A7587E /* main.swift */; };
		C91778BF1F2ACF0D00A7587E /* BitManupulations.swift in Sources */ = {isa = PBXBuildFile; fileRef = C91778BE1F2ACF0D00A7587E /* BitManupulations.swift */; };
		C91778C11F2AD87200A7587E /* LinkedList.swift in Sources */ = {isa = PBXBuildFile; fileRef = C91778C01F2AD87200A7587E /* LinkedList.swift */; };
		C91C4BEB1F2FABF900748127 /* Matrix.swift in Sources */ = {isa = PBXBuildFile; fileRef = C91C4BEA1F2FABF900748127 /* Matrix.swift */; };
		C942C6751F3A3782003E3251 /* SubsetSum.swift in Sources */ = {isa = PBXBuildFile; fileRef = C942C6741F3A3782003E3251 /* SubsetSum.swift */; };
		C9B1B9DF1F36CA9D00CEB863 /* Tree.swift in Sources */ = {isa = PBXBuildFile; fileRef = C9B1B9DE1F36CA9D00CEB863 /* Tree.swift */; };
		C9B1B9E11F36DD6D00CEB863 /* StringAlgorithms.swift in Sources */ = {isa = PBXBuildFile; fileRef = C9B1B9E01F36DD6D00CEB863 /* StringAlgorithms.swift */; };
		FD06FF6A1F913736004108D1 /* SubsetSum.swift in Sources */ = {isa = PBXBuildFile; fileRef = C942C6741F3A3782003E3251 /* SubsetSum.swift */; };
		FD06FF6B1F913736004108D1 /* ClimbStairs.swift in Sources */ = {isa = PBXBuildFile; fileRef = FD1AD13D1F6F5E9A00F3810E /* ClimbStairs.swift */; };
		FD06FF6C1F913736004108D1 /* MaximumSubarraySum.swift in Sources */ = {isa = PBXBuildFile; fileRef = FD42F00C1F73980800B0251D /* MaximumSubarraySum.swift */; };
		FD06FF6D1F913736004108D1 /* BitManupulations.swift in Sources */ = {isa = PBXBuildFile; fileRef = C91778BE1F2ACF0D00A7587E /* BitManupulations.swift */; };
		FD06FF6E1F913736004108D1 /* LinkedList.swift in Sources */ = {isa = PBXBuildFile; fileRef = C91778C01F2AD87200A7587E /* LinkedList.swift */; };
		FD06FF6F1F913736004108D1 /* Matrix.swift in Sources */ = {isa = PBXBuildFile; fileRef = C91C4BEA1F2FABF900748127 /* Matrix.swift */; };
		FD06FF701F913736004108D1 /* Tree.swift in Sources */ = {isa = PBXBuildFile; fileRef = C9B1B9DE1F36CA9D00CEB863 /* Tree.swift */; };
		FD06FF711F913736004108D1 /* StringAlgorithms.swift in Sources */ = {isa = PBXBuildFile; fileRef = C9B1B9E01F36DD6D00CEB863 /* StringAlgorithms.swift */; };
		FD06FF721F913736004108D1 /* Array.swift in Sources */ = {isa = PBXBuildFile; fileRef = FDD310031F721DB800323931 /* Array.swift */; };
		FD06FF731F913736004108D1 /* Sorting.swift in Sources */ = {isa = PBXBuildFile; fileRef = FD56E4071F8B3D6F0041ACAD /* Sorting.swift */; };
		FD06FF741F913736004108D1 /* Tries.swift in Sources */ = {isa = PBXBuildFile; fileRef = FD56E4091F8BE16E0041ACAD /* Tries.swift */; };
		FD06FF751F913736004108D1 /* Backtracking.swift in Sources */ = {isa = PBXBuildFile; fileRef = FD0AD8BE1F8C92780092ED58 /* Backtracking.swift */; };
		FD06FF771F913769004108D1 /* LeetCode_String_Tests.swift in Sources */ = {isa = PBXBuildFile; fileRef = FD06FF761F913769004108D1 /* LeetCode_String_Tests.swift */; };
		FD0AD8BF1F8C92780092ED58 /* Backtracking.swift in Sources */ = {isa = PBXBuildFile; fileRef = FD0AD8BE1F8C92780092ED58 /* Backtracking.swift */; };
		FD1209561F986FBF00E17CD8 /* LeetCode_Backtracking_Test.swift in Sources */ = {isa = PBXBuildFile; fileRef = FD1209551F986FBF00E17CD8 /* LeetCode_Backtracking_Test.swift */; };
		FD1209581F986FCC00E17CD8 /* LeetCode_Tree_Test.swift in Sources */ = {isa = PBXBuildFile; fileRef = FD1209571F986FCC00E17CD8 /* LeetCode_Tree_Test.swift */; };
		FD1AD13E1F6F5E9A00F3810E /* ClimbStairs.swift in Sources */ = {isa = PBXBuildFile; fileRef = FD1AD13D1F6F5E9A00F3810E /* ClimbStairs.swift */; };
		FD42F00D1F73980800B0251D /* MaximumSubarraySum.swift in Sources */ = {isa = PBXBuildFile; fileRef = FD42F00C1F73980800B0251D /* MaximumSubarraySum.swift */; };
		FD56E4081F8B3D6F0041ACAD /* Sorting.swift in Sources */ = {isa = PBXBuildFile; fileRef = FD56E4071F8B3D6F0041ACAD /* Sorting.swift */; };
		FD56E40A1F8BE16E0041ACAD /* Tries.swift in Sources */ = {isa = PBXBuildFile; fileRef = FD56E4091F8BE16E0041ACAD /* Tries.swift */; };
		FDD310041F721DB800323931 /* Array.swift in Sources */ = {isa = PBXBuildFile; fileRef = FDD310031F721DB800323931 /* Array.swift */; };
		FDE853851FA2E4E6006CF51D /* Hash.swift in Sources */ = {isa = PBXBuildFile; fileRef = FDE853841FA2E4E6006CF51D /* Hash.swift */; };
		FDE853871FA2E88A006CF51D /* LeetCode_Hash_Tests.swift in Sources */ = {isa = PBXBuildFile; fileRef = FDE853861FA2E88A006CF51D /* LeetCode_Hash_Tests.swift */; };
		FDE853881FA2E8A1006CF51D /* Hash.swift in Sources */ = {isa = PBXBuildFile; fileRef = FDE853841FA2E4E6006CF51D /* Hash.swift */; };
		FDE8538A1FA6B0B4006CF51D /* OtherTopics.swift in Sources */ = {isa = PBXBuildFile; fileRef = FDE853891FA6B0B4006CF51D /* OtherTopics.swift */; };
		FDF820721F9EA25100D5502E /* LeetCode_LinkedList_Tests.swift in Sources */ = {isa = PBXBuildFile; fileRef = FDF820711F9EA25100D5502E /* LeetCode_LinkedList_Tests.swift */; };
		FDF820761F9F0BE300D5502E /* Math.swift in Sources */ = {isa = PBXBuildFile; fileRef = FDF820751F9F0BE300D5502E /* Math.swift */; };
		FDF820781F9F0C1700D5502E /* LeetCode_Math_Tests.swift in Sources */ = {isa = PBXBuildFile; fileRef = FDF820771F9F0C1700D5502E /* LeetCode_Math_Tests.swift */; };
		FDF820791F9F0CD700D5502E /* Math.swift in Sources */ = {isa = PBXBuildFile; fileRef = FDF820751F9F0BE300D5502E /* Math.swift */; };
		FDFC5E851F97CBF40076A621 /* Graph.swift in Sources */ = {isa = PBXBuildFile; fileRef = FDFC5E841F97CBF40076A621 /* Graph.swift */; };
		FDFC5E861F97CE670076A621 /* Graph.swift in Sources */ = {isa = PBXBuildFile; fileRef = FDFC5E841F97CBF40076A621 /* Graph.swift */; };
		FDFC5E881F97D49B0076A621 /* LeetCode_Graph_Tests.swift in Sources */ = {isa = PBXBuildFile; fileRef = FDFC5E871F97D49B0076A621 /* LeetCode_Graph_Tests.swift */; };
/* End PBXBuildFile section */

/* Begin PBXCopyFilesBuildPhase section */
		C91778B21F2ACEEF00A7587E /* CopyFiles */ = {
			isa = PBXCopyFilesBuildPhase;
			buildActionMask = 2147483647;
			dstPath = /usr/share/man/man1/;
			dstSubfolderSpec = 0;
			files = (
			);
			runOnlyForDeploymentPostprocessing = 1;
		};
/* End PBXCopyFilesBuildPhase section */

/* Begin PBXFileReference section */
		C91778B41F2ACEF000A7587E /* LeetCode-Solutions */ = {isa = PBXFileReference; explicitFileType = "compiled.mach-o.executable"; includeInIndex = 0; path = "LeetCode-Solutions"; sourceTree = BUILT_PRODUCTS_DIR; };
		C91778B71F2ACEF000A7587E /* main.swift */ = {isa = PBXFileReference; lastKnownFileType = sourcecode.swift; path = main.swift; sourceTree = "<group>"; };
		C91778BE1F2ACF0D00A7587E /* BitManupulations.swift */ = {isa = PBXFileReference; lastKnownFileType = sourcecode.swift; path = BitManupulations.swift; sourceTree = "<group>"; };
		C91778C01F2AD87200A7587E /* LinkedList.swift */ = {isa = PBXFileReference; lastKnownFileType = sourcecode.swift; path = LinkedList.swift; sourceTree = "<group>"; };
		C91C4BEA1F2FABF900748127 /* Matrix.swift */ = {isa = PBXFileReference; lastKnownFileType = sourcecode.swift; path = Matrix.swift; sourceTree = "<group>"; };
		C942C6741F3A3782003E3251 /* SubsetSum.swift */ = {isa = PBXFileReference; lastKnownFileType = sourcecode.swift; path = SubsetSum.swift; sourceTree = "<group>"; };
		C9B1B9DE1F36CA9D00CEB863 /* Tree.swift */ = {isa = PBXFileReference; lastKnownFileType = sourcecode.swift; path = Tree.swift; sourceTree = "<group>"; };
		C9B1B9E01F36DD6D00CEB863 /* StringAlgorithms.swift */ = {isa = PBXFileReference; lastKnownFileType = sourcecode.swift; path = StringAlgorithms.swift; sourceTree = "<group>"; };
		FD06FF621F9136FD004108D1 /* LeetCode-Tests.xctest */ = {isa = PBXFileReference; explicitFileType = wrapper.cfbundle; includeInIndex = 0; path = "LeetCode-Tests.xctest"; sourceTree = BUILT_PRODUCTS_DIR; };
		FD06FF661F9136FD004108D1 /* Info.plist */ = {isa = PBXFileReference; lastKnownFileType = text.plist.xml; path = Info.plist; sourceTree = "<group>"; };
		FD06FF761F913769004108D1 /* LeetCode_String_Tests.swift */ = {isa = PBXFileReference; lastKnownFileType = sourcecode.swift; path = LeetCode_String_Tests.swift; sourceTree = "<group>"; };
		FD0AD8BE1F8C92780092ED58 /* Backtracking.swift */ = {isa = PBXFileReference; lastKnownFileType = sourcecode.swift; path = Backtracking.swift; sourceTree = "<group>"; };
		FD1209551F986FBF00E17CD8 /* LeetCode_Backtracking_Test.swift */ = {isa = PBXFileReference; lastKnownFileType = sourcecode.swift; path = LeetCode_Backtracking_Test.swift; sourceTree = "<group>"; };
		FD1209571F986FCC00E17CD8 /* LeetCode_Tree_Test.swift */ = {isa = PBXFileReference; lastKnownFileType = sourcecode.swift; path = LeetCode_Tree_Test.swift; sourceTree = "<group>"; };
		FD1AD13D1F6F5E9A00F3810E /* ClimbStairs.swift */ = {isa = PBXFileReference; fileEncoding = 4; lastKnownFileType = sourcecode.swift; path = ClimbStairs.swift; sourceTree = "<group>"; };
		FD42F00C1F73980800B0251D /* MaximumSubarraySum.swift */ = {isa = PBXFileReference; lastKnownFileType = sourcecode.swift; path = MaximumSubarraySum.swift; sourceTree = "<group>"; };
		FD56E4071F8B3D6F0041ACAD /* Sorting.swift */ = {isa = PBXFileReference; lastKnownFileType = sourcecode.swift; path = Sorting.swift; sourceTree = "<group>"; };
		FD56E4091F8BE16E0041ACAD /* Tries.swift */ = {isa = PBXFileReference; lastKnownFileType = sourcecode.swift; path = Tries.swift; sourceTree = "<group>"; };
		FDD310031F721DB800323931 /* Array.swift */ = {isa = PBXFileReference; lastKnownFileType = sourcecode.swift; path = Array.swift; sourceTree = "<group>"; };
		FDE853841FA2E4E6006CF51D /* Hash.swift */ = {isa = PBXFileReference; lastKnownFileType = sourcecode.swift; path = Hash.swift; sourceTree = "<group>"; };
		FDE853861FA2E88A006CF51D /* LeetCode_Hash_Tests.swift */ = {isa = PBXFileReference; lastKnownFileType = sourcecode.swift; path = LeetCode_Hash_Tests.swift; sourceTree = "<group>"; };
		FDE853891FA6B0B4006CF51D /* OtherTopics.swift */ = {isa = PBXFileReference; lastKnownFileType = sourcecode.swift; path = OtherTopics.swift; sourceTree = "<group>"; };
		FDF820711F9EA25100D5502E /* LeetCode_LinkedList_Tests.swift */ = {isa = PBXFileReference; lastKnownFileType = sourcecode.swift; path = LeetCode_LinkedList_Tests.swift; sourceTree = "<group>"; };
		FDF820751F9F0BE300D5502E /* Math.swift */ = {isa = PBXFileReference; lastKnownFileType = sourcecode.swift; path = Math.swift; sourceTree = "<group>"; };
		FDF820771F9F0C1700D5502E /* LeetCode_Math_Tests.swift */ = {isa = PBXFileReference; lastKnownFileType = sourcecode.swift; path = LeetCode_Math_Tests.swift; sourceTree = "<group>"; };
		FDFC5E841F97CBF40076A621 /* Graph.swift */ = {isa = PBXFileReference; lastKnownFileType = sourcecode.swift; path = Graph.swift; sourceTree = "<group>"; };
		FDFC5E871F97D49B0076A621 /* LeetCode_Graph_Tests.swift */ = {isa = PBXFileReference; lastKnownFileType = sourcecode.swift; path = LeetCode_Graph_Tests.swift; sourceTree = "<group>"; };
/* End PBXFileReference section */

/* Begin PBXFrameworksBuildPhase section */
		C91778B11F2ACEEF00A7587E /* Frameworks */ = {
			isa = PBXFrameworksBuildPhase;
			buildActionMask = 2147483647;
			files = (
			);
			runOnlyForDeploymentPostprocessing = 0;
		};
		FD06FF5F1F9136FD004108D1 /* Frameworks */ = {
			isa = PBXFrameworksBuildPhase;
			buildActionMask = 2147483647;
			files = (
			);
			runOnlyForDeploymentPostprocessing = 0;
		};
/* End PBXFrameworksBuildPhase section */

/* Begin PBXGroup section */
		C91778AB1F2ACEEF00A7587E = {
			isa = PBXGroup;
			children = (
				C91778B61F2ACEF000A7587E /* LeetCode-Solutions */,
				FD06FF631F9136FD004108D1 /* LeetCode-Tests */,
				C91778B51F2ACEF000A7587E /* Products */,
			);
			sourceTree = "<group>";
		};
		C91778B51F2ACEF000A7587E /* Products */ = {
			isa = PBXGroup;
			children = (
				C91778B41F2ACEF000A7587E /* LeetCode-Solutions */,
				FD06FF621F9136FD004108D1 /* LeetCode-Tests.xctest */,
			);
			name = Products;
			sourceTree = "<group>";
		};
		C91778B61F2ACEF000A7587E /* LeetCode-Solutions */ = {
			isa = PBXGroup;
			children = (
				C91778B71F2ACEF000A7587E /* main.swift */,
				C942C6731F3A3769003E3251 /* Dynamic Programming */,
				C91778BE1F2ACF0D00A7587E /* BitManupulations.swift */,
				C91778C01F2AD87200A7587E /* LinkedList.swift */,
				C91C4BEA1F2FABF900748127 /* Matrix.swift */,
				C9B1B9DE1F36CA9D00CEB863 /* Tree.swift */,
				C9B1B9E01F36DD6D00CEB863 /* StringAlgorithms.swift */,
				FDD310031F721DB800323931 /* Array.swift */,
				FD56E4071F8B3D6F0041ACAD /* Sorting.swift */,
				FD56E4091F8BE16E0041ACAD /* Tries.swift */,
				FD0AD8BE1F8C92780092ED58 /* Backtracking.swift */,
				FDFC5E841F97CBF40076A621 /* Graph.swift */,
				FDF820751F9F0BE300D5502E /* Math.swift */,
				FDE853841FA2E4E6006CF51D /* Hash.swift */,
				FDE853891FA6B0B4006CF51D /* OtherTopics.swift */,
			);
			path = "LeetCode-Solutions";
			sourceTree = "<group>";
		};
		C942C6731F3A3769003E3251 /* Dynamic Programming */ = {
			isa = PBXGroup;
			children = (
				C942C6741F3A3782003E3251 /* SubsetSum.swift */,
				FD1AD13D1F6F5E9A00F3810E /* ClimbStairs.swift */,
				FD42F00C1F73980800B0251D /* MaximumSubarraySum.swift */,
			);
			path = "Dynamic Programming";
			sourceTree = "<group>";
		};
		FD06FF631F9136FD004108D1 /* LeetCode-Tests */ = {
			isa = PBXGroup;
			children = (
				FD06FF661F9136FD004108D1 /* Info.plist */,
				FDFC5E871F97D49B0076A621 /* LeetCode_Graph_Tests.swift */,
				FD06FF761F913769004108D1 /* LeetCode_String_Tests.swift */,
				FD1209551F986FBF00E17CD8 /* LeetCode_Backtracking_Test.swift */,
				FD1209571F986FCC00E17CD8 /* LeetCode_Tree_Test.swift */,
				FDF820711F9EA25100D5502E /* LeetCode_LinkedList_Tests.swift */,
				FDF820771F9F0C1700D5502E /* LeetCode_Math_Tests.swift */,
				FDE853861FA2E88A006CF51D /* LeetCode_Hash_Tests.swift */,
			);
			path = "LeetCode-Tests";
			sourceTree = "<group>";
		};
/* End PBXGroup section */

/* Begin PBXNativeTarget section */
		C91778B31F2ACEEF00A7587E /* LeetCode-Solutions */ = {
			isa = PBXNativeTarget;
			buildConfigurationList = C91778BB1F2ACEF000A7587E /* Build configuration list for PBXNativeTarget "LeetCode-Solutions" */;
			buildPhases = (
				C91778B01F2ACEEF00A7587E /* Sources */,
				C91778B11F2ACEEF00A7587E /* Frameworks */,
				C91778B21F2ACEEF00A7587E /* CopyFiles */,
			);
			buildRules = (
			);
			dependencies = (
			);
			name = "LeetCode-Solutions";
			productName = "LeetCode-Solutions";
			productReference = C91778B41F2ACEF000A7587E /* LeetCode-Solutions */;
			productType = "com.apple.product-type.tool";
		};
		FD06FF611F9136FD004108D1 /* LeetCode-Tests */ = {
			isa = PBXNativeTarget;
			buildConfigurationList = FD06FF691F9136FD004108D1 /* Build configuration list for PBXNativeTarget "LeetCode-Tests" */;
			buildPhases = (
				FD06FF5E1F9136FD004108D1 /* Sources */,
				FD06FF5F1F9136FD004108D1 /* Frameworks */,
				FD06FF601F9136FD004108D1 /* Resources */,
			);
			buildRules = (
			);
			dependencies = (
			);
			name = "LeetCode-Tests";
			productName = "LeetCode-Tests";
			productReference = FD06FF621F9136FD004108D1 /* LeetCode-Tests.xctest */;
			productType = "com.apple.product-type.bundle.unit-test";
		};
/* End PBXNativeTarget section */

/* Begin PBXProject section */
		C91778AC1F2ACEEF00A7587E /* Project object */ = {
			isa = PBXProject;
			attributes = {
				LastSwiftUpdateCheck = 0900;
				LastUpgradeCheck = 0900;
				ORGANIZATIONNAME = "Vishal Patel";
				TargetAttributes = {
					C91778B31F2ACEEF00A7587E = {
						CreatedOnToolsVersion = 9.0;
					};
					FD06FF611F9136FD004108D1 = {
						CreatedOnToolsVersion = 9.0;
						ProvisioningStyle = Automatic;
					};
				};
			};
			buildConfigurationList = C91778AF1F2ACEEF00A7587E /* Build configuration list for PBXProject "LeetCode-Solutions" */;
			compatibilityVersion = "Xcode 8.0";
			developmentRegion = en;
			hasScannedForEncodings = 0;
			knownRegions = (
				en,
			);
			mainGroup = C91778AB1F2ACEEF00A7587E;
			productRefGroup = C91778B51F2ACEF000A7587E /* Products */;
			projectDirPath = "";
			projectRoot = "";
			targets = (
				C91778B31F2ACEEF00A7587E /* LeetCode-Solutions */,
				FD06FF611F9136FD004108D1 /* LeetCode-Tests */,
			);
		};
/* End PBXProject section */

/* Begin PBXResourcesBuildPhase section */
		FD06FF601F9136FD004108D1 /* Resources */ = {
			isa = PBXResourcesBuildPhase;
			buildActionMask = 2147483647;
			files = (
			);
			runOnlyForDeploymentPostprocessing = 0;
		};
/* End PBXResourcesBuildPhase section */

/* Begin PBXSourcesBuildPhase section */
		C91778B01F2ACEEF00A7587E /* Sources */ = {
			isa = PBXSourcesBuildPhase;
			buildActionMask = 2147483647;
			files = (
				FDE8538A1FA6B0B4006CF51D /* OtherTopics.swift in Sources */,
				FDD310041F721DB800323931 /* Array.swift in Sources */,
				FD56E40A1F8BE16E0041ACAD /* Tries.swift in Sources */,
				FDFC5E851F97CBF40076A621 /* Graph.swift in Sources */,
				C942C6751F3A3782003E3251 /* SubsetSum.swift in Sources */,
				FD1AD13E1F6F5E9A00F3810E /* ClimbStairs.swift in Sources */,
				FD0AD8BF1F8C92780092ED58 /* Backtracking.swift in Sources */,
				FD42F00D1F73980800B0251D /* MaximumSubarraySum.swift in Sources */,
				C9B1B9E11F36DD6D00CEB863 /* StringAlgorithms.swift in Sources */,
				FD56E4081F8B3D6F0041ACAD /* Sorting.swift in Sources */,
				FDE853851FA2E4E6006CF51D /* Hash.swift in Sources */,
				C9B1B9DF1F36CA9D00CEB863 /* Tree.swift in Sources */,
				C91C4BEB1F2FABF900748127 /* Matrix.swift in Sources */,
				C91778C11F2AD87200A7587E /* LinkedList.swift in Sources */,
				C91778BF1F2ACF0D00A7587E /* BitManupulations.swift in Sources */,
				C91778B81F2ACEF000A7587E /* main.swift in Sources */,
				FDF820761F9F0BE300D5502E /* Math.swift in Sources */,
			);
			runOnlyForDeploymentPostprocessing = 0;
		};
		FD06FF5E1F9136FD004108D1 /* Sources */ = {
			isa = PBXSourcesBuildPhase;
			buildActionMask = 2147483647;
			files = (
				FD1209581F986FCC00E17CD8 /* LeetCode_Tree_Test.swift in Sources */,
				FD06FF6A1F913736004108D1 /* SubsetSum.swift in Sources */,
				FD06FF6B1F913736004108D1 /* ClimbStairs.swift in Sources */,
				FDF820721F9EA25100D5502E /* LeetCode_LinkedList_Tests.swift in Sources */,
				FDFC5E861F97CE670076A621 /* Graph.swift in Sources */,
				FDE853871FA2E88A006CF51D /* LeetCode_Hash_Tests.swift in Sources */,
				FD06FF6C1F913736004108D1 /* MaximumSubarraySum.swift in Sources */,
				FD1209561F986FBF00E17CD8 /* LeetCode_Backtracking_Test.swift in Sources */,
				FD06FF6D1F913736004108D1 /* BitManupulations.swift in Sources */,
				FD06FF6E1F913736004108D1 /* LinkedList.swift in Sources */,
				FD06FF6F1F913736004108D1 /* Matrix.swift in Sources */,
				FDE853881FA2E8A1006CF51D /* Hash.swift in Sources */,
				FD06FF701F913736004108D1 /* Tree.swift in Sources */,
				FD06FF711F913736004108D1 /* StringAlgorithms.swift in Sources */,
				FD06FF721F913736004108D1 /* Array.swift in Sources */,
				FD06FF771F913769004108D1 /* LeetCode_String_Tests.swift in Sources */,
				FD06FF731F913736004108D1 /* Sorting.swift in Sources */,
				FDF820781F9F0C1700D5502E /* LeetCode_Math_Tests.swift in Sources */,
				FDFC5E881F97D49B0076A621 /* LeetCode_Graph_Tests.swift in Sources */,
				FD06FF741F913736004108D1 /* Tries.swift in Sources */,
				FD06FF751F913736004108D1 /* Backtracking.swift in Sources */,
				FDF820791F9F0CD700D5502E /* Math.swift in Sources */,
			);
			runOnlyForDeploymentPostprocessing = 0;
		};
/* End PBXSourcesBuildPhase section */

/* Begin XCBuildConfiguration section */
		C91778B91F2ACEF000A7587E /* Debug */ = {
			isa = XCBuildConfiguration;
			buildSettings = {
				ALWAYS_SEARCH_USER_PATHS = NO;
				CLANG_ANALYZER_NONNULL = YES;
				CLANG_ANALYZER_NUMBER_OBJECT_CONVERSION = YES_AGGRESSIVE;
				CLANG_CXX_LANGUAGE_STANDARD = "gnu++14";
				CLANG_CXX_LIBRARY = "libc++";
				CLANG_ENABLE_MODULES = YES;
				CLANG_ENABLE_OBJC_ARC = YES;
				CLANG_WARN_BLOCK_CAPTURE_AUTORELEASING = YES;
				CLANG_WARN_BOOL_CONVERSION = YES;
				CLANG_WARN_COMMA = YES;
				CLANG_WARN_CONSTANT_CONVERSION = YES;
				CLANG_WARN_DIRECT_OBJC_ISA_USAGE = YES_ERROR;
				CLANG_WARN_DOCUMENTATION_COMMENTS = YES;
				CLANG_WARN_EMPTY_BODY = YES;
				CLANG_WARN_ENUM_CONVERSION = YES;
				CLANG_WARN_INFINITE_RECURSION = YES;
				CLANG_WARN_INT_CONVERSION = YES;
				CLANG_WARN_NON_LITERAL_NULL_CONVERSION = YES;
				CLANG_WARN_OBJC_LITERAL_CONVERSION = YES;
				CLANG_WARN_OBJC_ROOT_CLASS = YES_ERROR;
				CLANG_WARN_RANGE_LOOP_ANALYSIS = YES;
				CLANG_WARN_STRICT_PROTOTYPES = YES;
				CLANG_WARN_SUSPICIOUS_MOVE = YES;
				CLANG_WARN_UNGUARDED_AVAILABILITY = YES_AGGRESSIVE;
				CLANG_WARN_UNREACHABLE_CODE = YES;
				CLANG_WARN__DUPLICATE_METHOD_MATCH = YES;
				CODE_SIGN_IDENTITY = "-";
				COPY_PHASE_STRIP = NO;
				DEBUG_INFORMATION_FORMAT = dwarf;
				ENABLE_STRICT_OBJC_MSGSEND = YES;
				ENABLE_TESTABILITY = YES;
				GCC_C_LANGUAGE_STANDARD = gnu11;
				GCC_DYNAMIC_NO_PIC = NO;
				GCC_NO_COMMON_BLOCKS = YES;
				GCC_OPTIMIZATION_LEVEL = 0;
				GCC_PREPROCESSOR_DEFINITIONS = (
					"DEBUG=1",
					"$(inherited)",
				);
				GCC_WARN_64_TO_32_BIT_CONVERSION = YES;
				GCC_WARN_ABOUT_RETURN_TYPE = YES_ERROR;
				GCC_WARN_UNDECLARED_SELECTOR = YES;
				GCC_WARN_UNINITIALIZED_AUTOS = YES_AGGRESSIVE;
				GCC_WARN_UNUSED_FUNCTION = YES;
				GCC_WARN_UNUSED_VARIABLE = YES;
				MACOSX_DEPLOYMENT_TARGET = 10.12;
				MTL_ENABLE_DEBUG_INFO = YES;
				ONLY_ACTIVE_ARCH = YES;
				SDKROOT = macosx;
				SWIFT_ACTIVE_COMPILATION_CONDITIONS = DEBUG;
				SWIFT_OPTIMIZATION_LEVEL = "-Onone";
			};
			name = Debug;
		};
		C91778BA1F2ACEF000A7587E /* Release */ = {
			isa = XCBuildConfiguration;
			buildSettings = {
				ALWAYS_SEARCH_USER_PATHS = NO;
				CLANG_ANALYZER_NONNULL = YES;
				CLANG_ANALYZER_NUMBER_OBJECT_CONVERSION = YES_AGGRESSIVE;
				CLANG_CXX_LANGUAGE_STANDARD = "gnu++14";
				CLANG_CXX_LIBRARY = "libc++";
				CLANG_ENABLE_MODULES = YES;
				CLANG_ENABLE_OBJC_ARC = YES;
				CLANG_WARN_BLOCK_CAPTURE_AUTORELEASING = YES;
				CLANG_WARN_BOOL_CONVERSION = YES;
				CLANG_WARN_COMMA = YES;
				CLANG_WARN_CONSTANT_CONVERSION = YES;
				CLANG_WARN_DIRECT_OBJC_ISA_USAGE = YES_ERROR;
				CLANG_WARN_DOCUMENTATION_COMMENTS = YES;
				CLANG_WARN_EMPTY_BODY = YES;
				CLANG_WARN_ENUM_CONVERSION = YES;
				CLANG_WARN_INFINITE_RECURSION = YES;
				CLANG_WARN_INT_CONVERSION = YES;
				CLANG_WARN_NON_LITERAL_NULL_CONVERSION = YES;
				CLANG_WARN_OBJC_LITERAL_CONVERSION = YES;
				CLANG_WARN_OBJC_ROOT_CLASS = YES_ERROR;
				CLANG_WARN_RANGE_LOOP_ANALYSIS = YES;
				CLANG_WARN_STRICT_PROTOTYPES = YES;
				CLANG_WARN_SUSPICIOUS_MOVE = YES;
				CLANG_WARN_UNGUARDED_AVAILABILITY = YES_AGGRESSIVE;
				CLANG_WARN_UNREACHABLE_CODE = YES;
				CLANG_WARN__DUPLICATE_METHOD_MATCH = YES;
				CODE_SIGN_IDENTITY = "-";
				COPY_PHASE_STRIP = NO;
				DEBUG_INFORMATION_FORMAT = "dwarf-with-dsym";
				ENABLE_NS_ASSERTIONS = NO;
				ENABLE_STRICT_OBJC_MSGSEND = YES;
				GCC_C_LANGUAGE_STANDARD = gnu11;
				GCC_NO_COMMON_BLOCKS = YES;
				GCC_WARN_64_TO_32_BIT_CONVERSION = YES;
				GCC_WARN_ABOUT_RETURN_TYPE = YES_ERROR;
				GCC_WARN_UNDECLARED_SELECTOR = YES;
				GCC_WARN_UNINITIALIZED_AUTOS = YES_AGGRESSIVE;
				GCC_WARN_UNUSED_FUNCTION = YES;
				GCC_WARN_UNUSED_VARIABLE = YES;
				MACOSX_DEPLOYMENT_TARGET = 10.12;
				MTL_ENABLE_DEBUG_INFO = NO;
				SDKROOT = macosx;
				SWIFT_OPTIMIZATION_LEVEL = "-Owholemodule";
			};
			name = Release;
		};
		C91778BC1F2ACEF000A7587E /* Debug */ = {
			isa = XCBuildConfiguration;
			buildSettings = {
				PRODUCT_NAME = "$(TARGET_NAME)";
				SWIFT_VERSION = 3.0;
			};
			name = Debug;
		};
		C91778BD1F2ACEF000A7587E /* Release */ = {
			isa = XCBuildConfiguration;
			buildSettings = {
				PRODUCT_NAME = "$(TARGET_NAME)";
				SWIFT_VERSION = 3.0;
			};
			name = Release;
		};
		FD06FF671F9136FD004108D1 /* Debug */ = {
			isa = XCBuildConfiguration;
			buildSettings = {
				CODE_SIGN_STYLE = Automatic;
				COMBINE_HIDPI_IMAGES = YES;
				INFOPLIST_FILE = "LeetCode-Tests/Info.plist";
				LD_RUNPATH_SEARCH_PATHS = "$(inherited) @executable_path/../Frameworks @loader_path/../Frameworks";
				PRODUCT_BUNDLE_IDENTIFIER = "whitepegion.LeetCode-Tests";
				PRODUCT_NAME = "$(TARGET_NAME)";
				SWIFT_VERSION = 4.0;
			};
			name = Debug;
		};
		FD06FF681F9136FD004108D1 /* Release */ = {
			isa = XCBuildConfiguration;
			buildSettings = {
				CODE_SIGN_STYLE = Automatic;
				COMBINE_HIDPI_IMAGES = YES;
				INFOPLIST_FILE = "LeetCode-Tests/Info.plist";
				LD_RUNPATH_SEARCH_PATHS = "$(inherited) @executable_path/../Frameworks @loader_path/../Frameworks";
				PRODUCT_BUNDLE_IDENTIFIER = "whitepegion.LeetCode-Tests";
				PRODUCT_NAME = "$(TARGET_NAME)";
				SWIFT_VERSION = 4.0;
			};
			name = Release;
		};
/* End XCBuildConfiguration section */

/* Begin XCConfigurationList section */
		C91778AF1F2ACEEF00A7587E /* Build configuration list for PBXProject "LeetCode-Solutions" */ = {
			isa = XCConfigurationList;
			buildConfigurations = (
				C91778B91F2ACEF000A7587E /* Debug */,
				C91778BA1F2ACEF000A7587E /* Release */,
			);
			defaultConfigurationIsVisible = 0;
			defaultConfigurationName = Release;
		};
		C91778BB1F2ACEF000A7587E /* Build configuration list for PBXNativeTarget "LeetCode-Solutions" */ = {
			isa = XCConfigurationList;
			buildConfigurations = (
				C91778BC1F2ACEF000A7587E /* Debug */,
				C91778BD1F2ACEF000A7587E /* Release */,
			);
			defaultConfigurationIsVisible = 0;
			defaultConfigurationName = Release;
		};
		FD06FF691F9136FD004108D1 /* Build configuration list for PBXNativeTarget "LeetCode-Tests" */ = {
			isa = XCConfigurationList;
			buildConfigurations = (
				FD06FF671F9136FD004108D1 /* Debug */,
				FD06FF681F9136FD004108D1 /* Release */,
			);
			defaultConfigurationIsVisible = 0;
			defaultConfigurationName = Release;
		};
/* End XCConfigurationList section */
	};
	rootObject = C91778AC1F2ACEEF00A7587E /* Project object */;
}
